
Microsoft Visual Studio Solution File, Format Version 12.00
# Visual Studio 15
VisualStudioVersion = 15.0.28307.489
MinimumVisualStudioVersion = 10.0.40219.1
Project("{FAE04EC0-301F-11D3-BF4B-00C04F79EFBC}") = "ClippyM", "ClippyM\ClippyM.csproj", "{50F753D0-1363-4D71-91D9-605B8B081970}"
EndProject
Global
	GlobalSection(SolutionConfigurationPlatforms) = preSolution
		Debug|Any CPU = Debug|Any CPU
		Release|Any CPU = Release|Any CPU
	EndGlobalSection
	GlobalSection(ProjectConfigurationPlatforms) = postSolution
		{50F753D0-1363-4D71-91D9-605B8B081970}.Debug|Any CPU.ActiveCfg = Debug|Any CPU
		{50F753D0-1363-4D71-91D9-605B8B081970}.Debug|Any CPU.Build.0 = Debug|Any CPU
		{50F753D0-1363-4D71-91D9-605B8B081970}.Release|Any CPU.ActiveCfg = Release|Any CPU
		{50F753D0-1363-4D71-91D9-605B8B081970}.Release|Any CPU.Build.0 = Release|Any CPU
	EndGlobalSection
	GlobalSection(SolutionProperties) = preSolution
		HideSolutionNode = FALSE
	EndGlobalSection
	GlobalSection(ExtensibilityGlobals) = postSolution
		SolutionGuid = {599BD779-21D5-42CE-922F-6C58E1BF8B1D}
	EndGlobalSection
EndGlobal
